
Microsoft Visual Studio Solution File, Format Version 12.00
# Visual Studio Version 16
VisualStudioVersion = 16.0.30717.126
MinimumVisualStudioVersion = 10.0.40219.1
Project("{FAE04EC0-301F-11D3-BF4B-00C04F79EFBC}") = "CandyHierarchy", "CandyHierarchy\CandyHierarchy.csproj", "{6B3DF687-39D0-4ADD-AE49-4CD541BE0D5A}"
EndProject
Global
	GlobalSection(SolutionConfigurationPlatforms) = preSolution
		Debug|Any CPU = Debug|Any CPU
		Release|Any CPU = Release|Any CPU
	EndGlobalSection
	GlobalSection(ProjectConfigurationPlatforms) = postSolution
		{6B3DF687-39D0-4ADD-AE49-4CD541BE0D5A}.Debug|Any CPU.ActiveCfg = Debug|Any CPU
		{6B3DF687-39D0-4ADD-AE49-4CD541BE0D5A}.Debug|Any CPU.Build.0 = Debug|Any CPU
		{6B3DF687-39D0-4ADD-AE49-4CD541BE0D5A}.Release|Any CPU.ActiveCfg = Release|Any CPU
		{6B3DF687-39D0-4ADD-AE49-4CD541BE0D5A}.Release|Any CPU.Build.0 = Release|Any CPU
	EndGlobalSection
	GlobalSection(SolutionProperties) = preSolution
		HideSolutionNode = FALSE
	EndGlobalSection
	GlobalSection(ExtensibilityGlobals) = postSolution
		SolutionGuid = {986B9F47-8261-4EC0-BBB3-B4DA08AD22F6}
	EndGlobalSection
EndGlobal
